
Microsoft Visual Studio Solution File, Format Version 12.00
# Visual Studio Version 16
VisualStudioVersion = 16.0.29613.14
MinimumVisualStudioVersion = 10.0.40219.1
Project("{FAE04EC0-301F-11D3-BF4B-00C04F79EFBC}") = "Device", "Device\Device.csproj", "{A5902C99-5B36-4531-9338-0A950F5163BE}"
EndProject
Global
	GlobalSection(SolutionConfigurationPlatforms) = preSolution
		Debug|Any CPU = Debug|Any CPU
		Release|Any CPU = Release|Any CPU
	EndGlobalSection
	GlobalSection(ProjectConfigurationPlatforms) = postSolution
		{A5902C99-5B36-4531-9338-0A950F5163BE}.Debug|Any CPU.ActiveCfg = Debug|Any CPU
		{A5902C99-5B36-4531-9338-0A950F5163BE}.Debug|Any CPU.Build.0 = Debug|Any CPU
		{A5902C99-5B36-4531-9338-0A950F5163BE}.Release|Any CPU.ActiveCfg = Release|Any CPU
		{A5902C99-5B36-4531-9338-0A950F5163BE}.Release|Any CPU.Build.0 = Release|Any CPU
	EndGlobalSection
	GlobalSection(SolutionProperties) = preSolution
		HideSolutionNode = FALSE
	EndGlobalSection
	GlobalSection(ExtensibilityGlobals) = postSolution
		SolutionGuid = {385E62CE-5138-44C3-83E7-676682333903}
	EndGlobalSection
EndGlobal
